
Microsoft Visual Studio Solution File, Format Version 12.00
# Visual Studio 15
VisualStudioVersion = 15.0.27703.2000
MinimumVisualStudioVersion = 10.0.40219.1
Project("{FAE04EC0-301F-11D3-BF4B-00C04F79EFBC}") = "CommonBoardConsoleApp", "CommonBoardConsoleApp\CommonBoardConsoleApp.csproj", "{53373EAE-8A7B-47BB-B10E-5C4F9BD3B149}"
EndProject
Project("{FAE04EC0-301F-11D3-BF4B-00C04F79EFBC}") = "CommonBoardLibrary", "CommonBoardLibrary\CommonBoardLibrary.csproj", "{0FBE2CC0-93E1-4FDF-985F-A9B5D6649B1C}"
EndProject
Global
	GlobalSection(SolutionConfigurationPlatforms) = preSolution
		Debug|Any CPU = Debug|Any CPU
		Release|Any CPU = Release|Any CPU
	EndGlobalSection
	GlobalSection(ProjectConfigurationPlatforms) = postSolution
		{53373EAE-8A7B-47BB-B10E-5C4F9BD3B149}.Debug|Any CPU.ActiveCfg = Debug|Any CPU
		{53373EAE-8A7B-47BB-B10E-5C4F9BD3B149}.Debug|Any CPU.Build.0 = Debug|Any CPU
		{53373EAE-8A7B-47BB-B10E-5C4F9BD3B149}.Release|Any CPU.ActiveCfg = Release|Any CPU
		{53373EAE-8A7B-47BB-B10E-5C4F9BD3B149}.Release|Any CPU.Build.0 = Release|Any CPU
		{0FBE2CC0-93E1-4FDF-985F-A9B5D6649B1C}.Debug|Any CPU.ActiveCfg = Debug|Any CPU
		{0FBE2CC0-93E1-4FDF-985F-A9B5D6649B1C}.Debug|Any CPU.Build.0 = Debug|Any CPU
		{0FBE2CC0-93E1-4FDF-985F-A9B5D6649B1C}.Release|Any CPU.ActiveCfg = Release|Any CPU
		{0FBE2CC0-93E1-4FDF-985F-A9B5D6649B1C}.Release|Any CPU.Build.0 = Release|Any CPU
	EndGlobalSection
	GlobalSection(SolutionProperties) = preSolution
		HideSolutionNode = FALSE
	EndGlobalSection
	GlobalSection(ExtensibilityGlobals) = postSolution
		SolutionGuid = {13287990-70C2-401B-B43E-A0C787552F18}
	EndGlobalSection
EndGlobal
