
Microsoft Visual Studio Solution File, Format Version 12.00
# Visual Studio 15
VisualStudioVersion = 15.0.27703.2000
MinimumVisualStudioVersion = 10.0.40219.1
Project("{FAE04EC0-301F-11D3-BF4B-00C04F79EFBC}") = "CommonBoardConsoleApp", "CommonBoardConsoleApp\CommonBoardConsoleApp.csproj", "{9E825E63-426E-4DB6-8B55-A7A4FE2B5ECD}"
EndProject
Project("{FAE04EC0-301F-11D3-BF4B-00C04F79EFBC}") = "CommonBoardLibrary", "CommonBoardLibrary\CommonBoardLibrary.csproj", "{13D26FFE-5ACB-4D7F-95C6-B9688C29958E}"
EndProject
Global
	GlobalSection(SolutionConfigurationPlatforms) = preSolution
		Debug|Any CPU = Debug|Any CPU
		Release|Any CPU = Release|Any CPU
	EndGlobalSection
	GlobalSection(ProjectConfigurationPlatforms) = postSolution
		{9E825E63-426E-4DB6-8B55-A7A4FE2B5ECD}.Debug|Any CPU.ActiveCfg = Debug|Any CPU
		{9E825E63-426E-4DB6-8B55-A7A4FE2B5ECD}.Debug|Any CPU.Build.0 = Debug|Any CPU
		{9E825E63-426E-4DB6-8B55-A7A4FE2B5ECD}.Release|Any CPU.ActiveCfg = Release|Any CPU
		{9E825E63-426E-4DB6-8B55-A7A4FE2B5ECD}.Release|Any CPU.Build.0 = Release|Any CPU
		{13D26FFE-5ACB-4D7F-95C6-B9688C29958E}.Debug|Any CPU.ActiveCfg = Debug|Any CPU
		{13D26FFE-5ACB-4D7F-95C6-B9688C29958E}.Debug|Any CPU.Build.0 = Debug|Any CPU
		{13D26FFE-5ACB-4D7F-95C6-B9688C29958E}.Release|Any CPU.ActiveCfg = Release|Any CPU
		{13D26FFE-5ACB-4D7F-95C6-B9688C29958E}.Release|Any CPU.Build.0 = Release|Any CPU
	EndGlobalSection
	GlobalSection(SolutionProperties) = preSolution
		HideSolutionNode = FALSE
	EndGlobalSection
	GlobalSection(ExtensibilityGlobals) = postSolution
		SolutionGuid = {B8DC08A2-6969-490D-80BA-801DD3484621}
	EndGlobalSection
EndGlobal
